
Microsoft Visual Studio Solution File, Format Version 12.00
# Visual Studio Version 17
VisualStudioVersion = 17.0.31903.59
MinimumVisualStudioVersion = 10.0.40219.1
Project("{2150E333-8FDC-42A3-9474-1A3956D46DE8}") = "src", "src", "{827E0CD3-B72D-47B6-A68D-7590B98EB39B}"
EndProject
Project("{FAE04EC0-301F-11D3-BF4B-00C04F79EFBC}") = "CodexModelManager.Core", "src\CodexModelManager.Core\CodexModelManager.Core.csproj", "{9894F4B2-FCEE-487B-9D4D-7528FBC9A940}"
EndProject
Project("{FAE04EC0-301F-11D3-BF4B-00C04F79EFBC}") = "CodexModelManager.App", "src\CodexModelManager.App\CodexModelManager.App.csproj", "{C6503F1F-4C18-4D0A-A266-980A1D12C953}"
EndProject
Project("{FAE04EC0-301F-11D3-BF4B-00C04F79EFBC}") = "CodexModelManager.CredentialHelper", "src\CodexModelManager.CredentialHelper\CodexModelManager.CredentialHelper.csproj", "{AB2DACC6-BA99-40FD-9E58-6FDE4A0C3C65}"
EndProject
Project("{FAE04EC0-301F-11D3-BF4B-00C04F79EFBC}") = "CodexModelManager.TestMcpServer", "src\CodexModelManager.TestMcpServer\CodexModelManager.TestMcpServer.csproj", "{6EE8BEAE-6AA7-48F9-932C-F42FD6713B09}"
EndProject
Project("{FAE04EC0-301F-11D3-BF4B-00C04F79EFBC}") = "CodexModelManager.Tests", "tests\CodexModelManager.Tests\CodexModelManager.Tests.csproj", "{716D0E6C-5751-4E29-B445-0CD709A2676E}"
EndProject
Global
	GlobalSection(SolutionConfigurationPlatforms) = preSolution
		Debug|Any CPU = Debug|Any CPU
		Debug|x64 = Debug|x64
		Debug|x86 = Debug|x86
		Release|Any CPU = Release|Any CPU
		Release|x64 = Release|x64
		Release|x86 = Release|x86
	EndGlobalSection
	GlobalSection(ProjectConfigurationPlatforms) = postSolution
		{9894F4B2-FCEE-487B-9D4D-7528FBC9A940}.Debug|Any CPU.ActiveCfg = Debug|Any CPU
		{9894F4B2-FCEE-487B-9D4D-7528FBC9A940}.Debug|Any CPU.Build.0 = Debug|Any CPU
		{9894F4B2-FCEE-487B-9D4D-7528FBC9A940}.Debug|x64.ActiveCfg = Debug|Any CPU
		{9894F4B2-FCEE-487B-9D4D-7528FBC9A940}.Debug|x64.Build.0 = Debug|Any CPU
		{9894F4B2-FCEE-487B-9D4D-7528FBC9A940}.Debug|x86.ActiveCfg = Debug|Any CPU
		{9894F4B2-FCEE-487B-9D4D-7528FBC9A940}.Debug|x86.Build.0 = Debug|Any CPU
		{9894F4B2-FCEE-487B-9D4D-7528FBC9A940}.Release|Any CPU.ActiveCfg = Release|Any CPU
		{9894F4B2-FCEE-487B-9D4D-7528FBC9A940}.Release|Any CPU.Build.0 = Release|Any CPU
		{9894F4B2-FCEE-487B-9D4D-7528FBC9A940}.Release|x64.ActiveCfg = Release|Any CPU
		{9894F4B2-FCEE-487B-9D4D-7528FBC9A940}.Release|x64.Build.0 = Release|Any CPU
		{9894F4B2-FCEE-487B-9D4D-7528FBC9A940}.Release|x86.ActiveCfg = Release|Any CPU
		{9894F4B2-FCEE-487B-9D4D-7528FBC9A940}.Release|x86.Build.0 = Release|Any CPU
		{C6503F1F-4C18-4D0A-A266-980A1D12C953}.Debug|Any CPU.ActiveCfg = Debug|Any CPU
		{C6503F1F-4C18-4D0A-A266-980A1D12C953}.Debug|Any CPU.Build.0 = Debug|Any CPU
		{C6503F1F-4C18-4D0A-A266-980A1D12C953}.Debug|x64.ActiveCfg = Debug|Any CPU
		{C6503F1F-4C18-4D0A-A266-980A1D12C953}.Debug|x64.Build.0 = Debug|Any CPU
		{C6503F1F-4C18-4D0A-A266-980A1D12C953}.Debug|x86.ActiveCfg = Debug|Any CPU
		{C6503F1F-4C18-4D0A-A266-980A1D12C953}.Debug|x86.Build.0 = Debug|Any CPU
		{C6503F1F-4C18-4D0A-A266-980A1D12C953}.Release|Any CPU.ActiveCfg = Release|Any CPU
		{C6503F1F-4C18-4D0A-A266-980A1D12C953}.Release|Any CPU.Build.0 = Release|Any CPU
		{C6503F1F-4C18-4D0A-A266-980A1D12C953}.Release|x64.ActiveCfg = Release|Any CPU
		{C6503F1F-4C18-4D0A-A266-980A1D12C953}.Release|x64.Build.0 = Release|Any CPU
		{C6503F1F-4C18-4D0A-A266-980A1D12C953}.Release|x86.ActiveCfg = Release|Any CPU
		{C6503F1F-4C18-4D0A-A266-980A1D12C953}.Release|x86.Build.0 = Release|Any CPU
		{AB2DACC6-BA99-40FD-9E58-6FDE4A0C3C65}.Debug|Any CPU.ActiveCfg = Debug|Any CPU
		{AB2DACC6-BA99-40FD-9E58-6FDE4A0C3C65}.Debug|Any CPU.Build.0 = Debug|Any CPU
		{AB2DACC6-BA99-40FD-9E58-6FDE4A0C3C65}.Debug|x64.ActiveCfg = Debug|Any CPU
		{AB2DACC6-BA99-40FD-9E58-6FDE4A0C3C65}.Debug|x64.Build.0 = Debug|Any CPU
		{AB2DACC6-BA99-40FD-9E58-6FDE4A0C3C65}.Debug|x86.ActiveCfg = Debug|Any CPU
		{AB2DACC6-BA99-40FD-9E58-6FDE4A0C3C65}.Debug|x86.Build.0 = Debug|Any CPU
		{AB2DACC6-BA99-40FD-9E58-6FDE4A0C3C65}.Release|Any CPU.ActiveCfg = Release|Any CPU
		{AB2DACC6-BA99-40FD-9E58-6FDE4A0C3C65}.Release|Any CPU.Build.0 = Release|Any CPU
		{AB2DACC6-BA99-40FD-9E58-6FDE4A0C3C65}.Release|x64.ActiveCfg = Release|Any CPU
		{AB2DACC6-BA99-40FD-9E58-6FDE4A0C3C65}.Release|x64.Build.0 = Release|Any CPU
		{AB2DACC6-BA99-40FD-9E58-6FDE4A0C3C65}.Release|x86.ActiveCfg = Release|Any CPU
		{AB2DACC6-BA99-40FD-9E58-6FDE4A0C3C65}.Release|x86.Build.0 = Release|Any CPU
		{6EE8BEAE-6AA7-48F9-932C-F42FD6713B09}.Debug|Any CPU.ActiveCfg = Debug|Any CPU
		{6EE8BEAE-6AA7-48F9-932C-F42FD6713B09}.Debug|Any CPU.Build.0 = Debug|Any CPU
		{6EE8BEAE-6AA7-48F9-932C-F42FD6713B09}.Debug|x64.ActiveCfg = Debug|Any CPU
		{6EE8BEAE-6AA7-48F9-932C-F42FD6713B09}.Debug|x64.Build.0 = Debug|Any CPU
		{6EE8BEAE-6AA7-48F9-932C-F42FD6713B09}.Debug|x86.ActiveCfg = Debug|Any CPU
		{6EE8BEAE-6AA7-48F9-932C-F42FD6713B09}.Debug|x86.Build.0 = Debug|Any CPU
		{6EE8BEAE-6AA7-48F9-932C-F42FD6713B09}.Release|Any CPU.ActiveCfg = Release|Any CPU
		{6EE8BEAE-6AA7-48F9-932C-F42FD6713B09}.Release|Any CPU.Build.0 = Release|Any CPU
		{6EE8BEAE-6AA7-48F9-932C-F42FD6713B09}.Release|x64.ActiveCfg = Release|Any CPU
		{6EE8BEAE-6AA7-48F9-932C-F42FD6713B09}.Release|x64.Build.0 = Release|Any CPU
		{6EE8BEAE-6AA7-48F9-932C-F42FD6713B09}.Release|x86.ActiveCfg = Release|Any CPU
		{6EE8BEAE-6AA7-48F9-932C-F42FD6713B09}.Release|x86.Build.0 = Release|Any CPU
		{716D0E6C-5751-4E29-B445-0CD709A2676E}.Debug|Any CPU.ActiveCfg = Debug|Any CPU
		{716D0E6C-5751-4E29-B445-0CD709A2676E}.Debug|Any CPU.Build.0 = Debug|Any CPU
		{716D0E6C-5751-4E29-B445-0CD709A2676E}.Debug|x64.ActiveCfg = Debug|Any CPU
		{716D0E6C-5751-4E29-B445-0CD709A2676E}.Debug|x64.Build.0 = Debug|Any CPU
		{716D0E6C-5751-4E29-B445-0CD709A2676E}.Debug|x86.ActiveCfg = Debug|Any CPU
		{716D0E6C-5751-4E29-B445-0CD709A2676E}.Debug|x86.Build.0 = Debug|Any CPU
		{716D0E6C-5751-4E29-B445-0CD709A2676E}.Release|Any CPU.ActiveCfg = Release|Any CPU
		{716D0E6C-5751-4E29-B445-0CD709A2676E}.Release|Any CPU.Build.0 = Release|Any CPU
		{716D0E6C-5751-4E29-B445-0CD709A2676E}.Release|x64.ActiveCfg = Release|Any CPU
		{716D0E6C-5751-4E29-B445-0CD709A2676E}.Release|x64.Build.0 = Release|Any CPU
		{716D0E6C-5751-4E29-B445-0CD709A2676E}.Release|x86.ActiveCfg = Release|Any CPU
		{716D0E6C-5751-4E29-B445-0CD709A2676E}.Release|x86.Build.0 = Release|Any CPU
	EndGlobalSection
	GlobalSection(SolutionProperties) = preSolution
		HideSolutionNode = FALSE
	EndGlobalSection
	GlobalSection(NestedProjects) = preSolution
		{9894F4B2-FCEE-487B-9D4D-7528FBC9A940} = {827E0CD3-B72D-47B6-A68D-7590B98EB39B}
		{C6503F1F-4C18-4D0A-A266-980A1D12C953} = {827E0CD3-B72D-47B6-A68D-7590B98EB39B}
		{AB2DACC6-BA99-40FD-9E58-6FDE4A0C3C65} = {827E0CD3-B72D-47B6-A68D-7590B98EB39B}
		{6EE8BEAE-6AA7-48F9-932C-F42FD6713B09} = {827E0CD3-B72D-47B6-A68D-7590B98EB39B}
		{716D0E6C-5751-4E29-B445-0CD709A2676E} = {827E0CD3-B72D-47B6-A68D-7590B98EB39B}
	EndGlobalSection
EndGlobal
